
Microsoft Visual Studio Solution File, Format Version 12.00
# Visual Studio Version 16
VisualStudioVersion = 16.0.30204.135
MinimumVisualStudioVersion = 10.0.40219.1
Project("{9A19103F-16F7-4668-BE54-9A1E7A4F7556}") = "July8Examples", "July8Examples\July8Examples.csproj", "{852EF17B-539D-4F63-B11E-B2DEA11A3D2D}"
EndProject
Project("{9A19103F-16F7-4668-BE54-9A1E7A4F7556}") = "July9Examples", "July9Examples\July9Examples.csproj", "{3FCF0465-B5E8-4629-9110-521BA9D17C7E}"
EndProject
Project("{9A19103F-16F7-4668-BE54-9A1E7A4F7556}") = "July13Examples", "July13Examples\July13Examples.csproj", "{C8BE3EA0-ECB0-4E2A-9B24-9A564DB4F5C3}"
EndProject
Project("{9A19103F-16F7-4668-BE54-9A1E7A4F7556}") = "Exercise25Through29", "Exercise25Through29\Exercise25Through29.csproj", "{6DBAF940-0E37-4566-9176-51A7A927F8AB}"
EndProject
Project("{9A19103F-16F7-4668-BE54-9A1E7A4F7556}") = "July15Examples", "July15Examples\July15Examples.csproj", "{05E7648B-8A71-4C16-8C7B-90095E0A6C1C}"
EndProject
Project("{9A19103F-16F7-4668-BE54-9A1E7A4F7556}") = "July16Examples", "July16Examples\July16Examples.csproj", "{84704E79-065E-45CE-87CA-E35107E69FEA}"
EndProject
Project("{9A19103F-16F7-4668-BE54-9A1E7A4F7556}") = "July20Examples", "July20Examples\July20Examples.csproj", "{B0D00547-3C9A-4E64-8BA6-C8D4810FE167}"
EndProject
Project("{9A19103F-16F7-4668-BE54-9A1E7A4F7556}") = "Week3Examples", "Week3Examples\Week3Examples.csproj", "{92905548-1196-49FF-92F3-8D089314AFDA}"
EndProject
Project("{9A19103F-16F7-4668-BE54-9A1E7A4F7556}") = "MockAssessment1a", "AssessmentOneReview\MockAssessment1a.csproj", "{6533D852-7462-412F-9B9A-BD9C22F796E6}"
EndProject
Project("{9A19103F-16F7-4668-BE54-9A1E7A4F7556}") = "Assessment1a", "Assessment1a\Assessment1a.csproj", "{C0BD63FD-AE33-44C8-87AD-FD2ED94D5E76}"
EndProject
Project("{9A19103F-16F7-4668-BE54-9A1E7A4F7556}") = "July23Examples", "July23Examples\July23Examples.csproj", "{35FC5E17-A064-4C07-9035-D8A7530D3CF6}"
EndProject
Project("{9A19103F-16F7-4668-BE54-9A1E7A4F7556}") = "July27Examples", "July27Examples\July27Examples.csproj", "{BC468705-BC50-4D9E-A167-E6EC2B3FE4BF}"
EndProject
Project("{9A19103F-16F7-4668-BE54-9A1E7A4F7556}") = "Week4Exercises", "Week4Exercises\Week4Exercises.csproj", "{2AAD33F8-6819-4988-974E-DD4366DBBE41}"
EndProject
Project("{9A19103F-16F7-4668-BE54-9A1E7A4F7556}") = "July29Example", "July29Example\July29Example.csproj", "{9A661DA7-D8EA-4EF6-899F-9FB413382203}"
EndProject
Project("{9A19103F-16F7-4668-BE54-9A1E7A4F7556}") = "OOPExampleExercises", "OOPExampleExercises\OOPExampleExercises.csproj", "{9BDD8AC3-AD34-4937-B878-EF4B28ED6B48}"
EndProject
Project("{9A19103F-16F7-4668-BE54-9A1E7A4F7556}") = "July30Examples", "July30Examples\July30Examples.csproj", "{755DD3E3-84A5-4AD9-BC5D-3F0EDC767A4B}"
EndProject
Project("{9A19103F-16F7-4668-BE54-9A1E7A4F7556}") = "August3Examples", "August3Examples\August3Examples.csproj", "{6EA1C167-7C92-4434-BCF6-25775B1109BC}"
EndProject
Project("{9A19103F-16F7-4668-BE54-9A1E7A4F7556}") = "August5thInterfaceExample", "August5thInterfaceExample\August5thInterfaceExample.csproj", "{970939AA-7A1C-4A26-9E25-101B018EA3B0}"
EndProject
Project("{9A19103F-16F7-4668-BE54-9A1E7A4F7556}") = "August6thEnums", "August6thEnums\August6thEnums.csproj", "{31CBCA9F-23D3-4311-9FDF-843C00B77355}"
EndProject
Project("{9A19103F-16F7-4668-BE54-9A1E7A4F7556}") = "August10_FileIO", "August10_FileIO\August10_FileIO.csproj", "{FA4A9364-1786-4951-BCF5-CDB1E9F67796}"
EndProject
Project("{9A19103F-16F7-4668-BE54-9A1E7A4F7556}") = "September2ndExamples", "September2ndExamples\September2ndExamples.csproj", "{3AB202A6-7144-45A7-880F-0C89A5B638E1}"
EndProject
Project("{9A19103F-16F7-4668-BE54-9A1E7A4F7556}") = "AlgorithmExamples", "AlgorithmExamples\AlgorithmExamples.csproj", "{2B419C75-E3D3-4A26-B647-5A2CF763C1AE}"
EndProject
Project("{FAE04EC0-301F-11D3-BF4B-00C04F79EFBC}") = "TDDExample", "TDDExample\TDDExample.csproj", "{12427319-9761-4BEA-A4C7-5742813E7397}"
EndProject
Project("{FAE04EC0-301F-11D3-BF4B-00C04F79EFBC}") = "TDDExampleTest", "TDDExampleTest\TDDExampleTest.csproj", "{16A8C387-8C5F-430F-831A-5B9CAE5F5EFE}"
EndProject
Global
	GlobalSection(SolutionConfigurationPlatforms) = preSolution
		Debug|Any CPU = Debug|Any CPU
		Release|Any CPU = Release|Any CPU
	EndGlobalSection
	GlobalSection(ProjectConfigurationPlatforms) = postSolution
		{852EF17B-539D-4F63-B11E-B2DEA11A3D2D}.Debug|Any CPU.ActiveCfg = Debug|Any CPU
		{852EF17B-539D-4F63-B11E-B2DEA11A3D2D}.Debug|Any CPU.Build.0 = Debug|Any CPU
		{852EF17B-539D-4F63-B11E-B2DEA11A3D2D}.Release|Any CPU.ActiveCfg = Release|Any CPU
		{852EF17B-539D-4F63-B11E-B2DEA11A3D2D}.Release|Any CPU.Build.0 = Release|Any CPU
		{3FCF0465-B5E8-4629-9110-521BA9D17C7E}.Debug|Any CPU.ActiveCfg = Debug|Any CPU
		{3FCF0465-B5E8-4629-9110-521BA9D17C7E}.Debug|Any CPU.Build.0 = Debug|Any CPU
		{3FCF0465-B5E8-4629-9110-521BA9D17C7E}.Release|Any CPU.ActiveCfg = Release|Any CPU
		{3FCF0465-B5E8-4629-9110-521BA9D17C7E}.Release|Any CPU.Build.0 = Release|Any CPU
		{C8BE3EA0-ECB0-4E2A-9B24-9A564DB4F5C3}.Debug|Any CPU.ActiveCfg = Debug|Any CPU
		{C8BE3EA0-ECB0-4E2A-9B24-9A564DB4F5C3}.Debug|Any CPU.Build.0 = Debug|Any CPU
		{C8BE3EA0-ECB0-4E2A-9B24-9A564DB4F5C3}.Release|Any CPU.ActiveCfg = Release|Any CPU
		{C8BE3EA0-ECB0-4E2A-9B24-9A564DB4F5C3}.Release|Any CPU.Build.0 = Release|Any CPU
		{6DBAF940-0E37-4566-9176-51A7A927F8AB}.Debug|Any CPU.ActiveCfg = Debug|Any CPU
		{6DBAF940-0E37-4566-9176-51A7A927F8AB}.Debug|Any CPU.Build.0 = Debug|Any CPU
		{6DBAF940-0E37-4566-9176-51A7A927F8AB}.Release|Any CPU.ActiveCfg = Release|Any CPU
		{6DBAF940-0E37-4566-9176-51A7A927F8AB}.Release|Any CPU.Build.0 = Release|Any CPU
		{05E7648B-8A71-4C16-8C7B-90095E0A6C1C}.Debug|Any CPU.ActiveCfg = Debug|Any CPU
		{05E7648B-8A71-4C16-8C7B-90095E0A6C1C}.Debug|Any CPU.Build.0 = Debug|Any CPU
		{05E7648B-8A71-4C16-8C7B-90095E0A6C1C}.Release|Any CPU.ActiveCfg = Release|Any CPU
		{05E7648B-8A71-4C16-8C7B-90095E0A6C1C}.Release|Any CPU.Build.0 = Release|Any CPU
		{84704E79-065E-45CE-87CA-E35107E69FEA}.Debug|Any CPU.ActiveCfg = Debug|Any CPU
		{84704E79-065E-45CE-87CA-E35107E69FEA}.Debug|Any CPU.Build.0 = Debug|Any CPU
		{84704E79-065E-45CE-87CA-E35107E69FEA}.Release|Any CPU.ActiveCfg = Release|Any CPU
		{84704E79-065E-45CE-87CA-E35107E69FEA}.Release|Any CPU.Build.0 = Release|Any CPU
		{B0D00547-3C9A-4E64-8BA6-C8D4810FE167}.Debug|Any CPU.ActiveCfg = Debug|Any CPU
		{B0D00547-3C9A-4E64-8BA6-C8D4810FE167}.Debug|Any CPU.Build.0 = Debug|Any CPU
		{B0D00547-3C9A-4E64-8BA6-C8D4810FE167}.Release|Any CPU.ActiveCfg = Release|Any CPU
		{B0D00547-3C9A-4E64-8BA6-C8D4810FE167}.Release|Any CPU.Build.0 = Release|Any CPU
		{92905548-1196-49FF-92F3-8D089314AFDA}.Debug|Any CPU.ActiveCfg = Debug|Any CPU
		{92905548-1196-49FF-92F3-8D089314AFDA}.Debug|Any CPU.Build.0 = Debug|Any CPU
		{92905548-1196-49FF-92F3-8D089314AFDA}.Release|Any CPU.ActiveCfg = Release|Any CPU
		{92905548-1196-49FF-92F3-8D089314AFDA}.Release|Any CPU.Build.0 = Release|Any CPU
		{6533D852-7462-412F-9B9A-BD9C22F796E6}.Debug|Any CPU.ActiveCfg = Debug|Any CPU
		{6533D852-7462-412F-9B9A-BD9C22F796E6}.Debug|Any CPU.Build.0 = Debug|Any CPU
		{6533D852-7462-412F-9B9A-BD9C22F796E6}.Release|Any CPU.ActiveCfg = Release|Any CPU
		{6533D852-7462-412F-9B9A-BD9C22F796E6}.Release|Any CPU.Build.0 = Release|Any CPU
		{C0BD63FD-AE33-44C8-87AD-FD2ED94D5E76}.Debug|Any CPU.ActiveCfg = Debug|Any CPU
		{C0BD63FD-AE33-44C8-87AD-FD2ED94D5E76}.Debug|Any CPU.Build.0 = Debug|Any CPU
		{C0BD63FD-AE33-44C8-87AD-FD2ED94D5E76}.Release|Any CPU.ActiveCfg = Release|Any CPU
		{C0BD63FD-AE33-44C8-87AD-FD2ED94D5E76}.Release|Any CPU.Build.0 = Release|Any CPU
		{35FC5E17-A064-4C07-9035-D8A7530D3CF6}.Debug|Any CPU.ActiveCfg = Debug|Any CPU
		{35FC5E17-A064-4C07-9035-D8A7530D3CF6}.Debug|Any CPU.Build.0 = Debug|Any CPU
		{35FC5E17-A064-4C07-9035-D8A7530D3CF6}.Release|Any CPU.ActiveCfg = Release|Any CPU
		{35FC5E17-A064-4C07-9035-D8A7530D3CF6}.Release|Any CPU.Build.0 = Release|Any CPU
		{BC468705-BC50-4D9E-A167-E6EC2B3FE4BF}.Debug|Any CPU.ActiveCfg = Debug|Any CPU
		{BC468705-BC50-4D9E-A167-E6EC2B3FE4BF}.Debug|Any CPU.Build.0 = Debug|Any CPU
		{BC468705-BC50-4D9E-A167-E6EC2B3FE4BF}.Release|Any CPU.ActiveCfg = Release|Any CPU
		{BC468705-BC50-4D9E-A167-E6EC2B3FE4BF}.Release|Any CPU.Build.0 = Release|Any CPU
		{2AAD33F8-6819-4988-974E-DD4366DBBE41}.Debug|Any CPU.ActiveCfg = Debug|Any CPU
		{2AAD33F8-6819-4988-974E-DD4366DBBE41}.Debug|Any CPU.Build.0 = Debug|Any CPU
		{2AAD33F8-6819-4988-974E-DD4366DBBE41}.Release|Any CPU.ActiveCfg = Release|Any CPU
		{2AAD33F8-6819-4988-974E-DD4366DBBE41}.Release|Any CPU.Build.0 = Release|Any CPU
		{9A661DA7-D8EA-4EF6-899F-9FB413382203}.Debug|Any CPU.ActiveCfg = Debug|Any CPU
		{9A661DA7-D8EA-4EF6-899F-9FB413382203}.Debug|Any CPU.Build.0 = Debug|Any CPU
		{9A661DA7-D8EA-4EF6-899F-9FB413382203}.Release|Any CPU.ActiveCfg = Release|Any CPU
		{9A661DA7-D8EA-4EF6-899F-9FB413382203}.Release|Any CPU.Build.0 = Release|Any CPU
		{9BDD8AC3-AD34-4937-B878-EF4B28ED6B48}.Debug|Any CPU.ActiveCfg = Debug|Any CPU
		{9BDD8AC3-AD34-4937-B878-EF4B28ED6B48}.Debug|Any CPU.Build.0 = Debug|Any CPU
		{9BDD8AC3-AD34-4937-B878-EF4B28ED6B48}.Release|Any CPU.ActiveCfg = Release|Any CPU
		{9BDD8AC3-AD34-4937-B878-EF4B28ED6B48}.Release|Any CPU.Build.0 = Release|Any CPU
		{755DD3E3-84A5-4AD9-BC5D-3F0EDC767A4B}.Debug|Any CPU.ActiveCfg = Debug|Any CPU
		{755DD3E3-84A5-4AD9-BC5D-3F0EDC767A4B}.Debug|Any CPU.Build.0 = Debug|Any CPU
		{755DD3E3-84A5-4AD9-BC5D-3F0EDC767A4B}.Release|Any CPU.ActiveCfg = Release|Any CPU
		{755DD3E3-84A5-4AD9-BC5D-3F0EDC767A4B}.Release|Any CPU.Build.0 = Release|Any CPU
		{6EA1C167-7C92-4434-BCF6-25775B1109BC}.Debug|Any CPU.ActiveCfg = Debug|Any CPU
		{6EA1C167-7C92-4434-BCF6-25775B1109BC}.Debug|Any CPU.Build.0 = Debug|Any CPU
		{6EA1C167-7C92-4434-BCF6-25775B1109BC}.Release|Any CPU.ActiveCfg = Release|Any CPU
		{6EA1C167-7C92-4434-BCF6-25775B1109BC}.Release|Any CPU.Build.0 = Release|Any CPU
		{970939AA-7A1C-4A26-9E25-101B018EA3B0}.Debug|Any CPU.ActiveCfg = Debug|Any CPU
		{970939AA-7A1C-4A26-9E25-101B018EA3B0}.Debug|Any CPU.Build.0 = Debug|Any CPU
		{970939AA-7A1C-4A26-9E25-101B018EA3B0}.Release|Any CPU.ActiveCfg = Release|Any CPU
		{970939AA-7A1C-4A26-9E25-101B018EA3B0}.Release|Any CPU.Build.0 = Release|Any CPU
		{31CBCA9F-23D3-4311-9FDF-843C00B77355}.Debug|Any CPU.ActiveCfg = Debug|Any CPU
		{31CBCA9F-23D3-4311-9FDF-843C00B77355}.Debug|Any CPU.Build.0 = Debug|Any CPU
		{31CBCA9F-23D3-4311-9FDF-843C00B77355}.Release|Any CPU.ActiveCfg = Release|Any CPU
		{31CBCA9F-23D3-4311-9FDF-843C00B77355}.Release|Any CPU.Build.0 = Release|Any CPU
		{FA4A9364-1786-4951-BCF5-CDB1E9F67796}.Debug|Any CPU.ActiveCfg = Debug|Any CPU
		{FA4A9364-1786-4951-BCF5-CDB1E9F67796}.Debug|Any CPU.Build.0 = Debug|Any CPU
		{FA4A9364-1786-4951-BCF5-CDB1E9F67796}.Release|Any CPU.ActiveCfg = Release|Any CPU
		{FA4A9364-1786-4951-BCF5-CDB1E9F67796}.Release|Any CPU.Build.0 = Release|Any CPU
		{3AB202A6-7144-45A7-880F-0C89A5B638E1}.Debug|Any CPU.ActiveCfg = Debug|Any CPU
		{3AB202A6-7144-45A7-880F-0C89A5B638E1}.Debug|Any CPU.Build.0 = Debug|Any CPU
		{3AB202A6-7144-45A7-880F-0C89A5B638E1}.Release|Any CPU.ActiveCfg = Release|Any CPU
		{3AB202A6-7144-45A7-880F-0C89A5B638E1}.Release|Any CPU.Build.0 = Release|Any CPU
		{2B419C75-E3D3-4A26-B647-5A2CF763C1AE}.Debug|Any CPU.ActiveCfg = Debug|Any CPU
		{2B419C75-E3D3-4A26-B647-5A2CF763C1AE}.Debug|Any CPU.Build.0 = Debug|Any CPU
		{2B419C75-E3D3-4A26-B647-5A2CF763C1AE}.Release|Any CPU.ActiveCfg = Release|Any CPU
		{2B419C75-E3D3-4A26-B647-5A2CF763C1AE}.Release|Any CPU.Build.0 = Release|Any CPU
		{12427319-9761-4BEA-A4C7-5742813E7397}.Debug|Any CPU.ActiveCfg = Debug|Any CPU
		{12427319-9761-4BEA-A4C7-5742813E7397}.Debug|Any CPU.Build.0 = Debug|Any CPU
		{12427319-9761-4BEA-A4C7-5742813E7397}.Release|Any CPU.ActiveCfg = Release|Any CPU
		{12427319-9761-4BEA-A4C7-5742813E7397}.Release|Any CPU.Build.0 = Release|Any CPU
		{16A8C387-8C5F-430F-831A-5B9CAE5F5EFE}.Debug|Any CPU.ActiveCfg = Debug|Any CPU
		{16A8C387-8C5F-430F-831A-5B9CAE5F5EFE}.Debug|Any CPU.Build.0 = Debug|Any CPU
		{16A8C387-8C5F-430F-831A-5B9CAE5F5EFE}.Release|Any CPU.ActiveCfg = Release|Any CPU
		{16A8C387-8C5F-430F-831A-5B9CAE5F5EFE}.Release|Any CPU.Build.0 = Release|Any CPU
	EndGlobalSection
	GlobalSection(SolutionProperties) = preSolution
		HideSolutionNode = FALSE
	EndGlobalSection
	GlobalSection(ExtensibilityGlobals) = postSolution
		SolutionGuid = {081B0765-4FC7-4176-A53F-0F718CB0A6D5}
	EndGlobalSection
EndGlobal
