
Microsoft Visual Studio Solution File, Format Version 12.00
# Visual Studio Version 16
VisualStudioVersion = 16.0.30204.135
MinimumVisualStudioVersion = 10.0.40219.1
Project("{9A19103F-16F7-4668-BE54-9A1E7A4F7556}") = "July8Examples", "July8Examples\July8Examples.csproj", "{852EF17B-539D-4F63-B11E-B2DEA11A3D2D}"
EndProject
Project("{9A19103F-16F7-4668-BE54-9A1E7A4F7556}") = "July9Examples", "July9Examples\July9Examples.csproj", "{3FCF0465-B5E8-4629-9110-521BA9D17C7E}"
EndProject
Project("{9A19103F-16F7-4668-BE54-9A1E7A4F7556}") = "July13Examples", "July13Examples\July13Examples.csproj", "{C8BE3EA0-ECB0-4E2A-9B24-9A564DB4F5C3}"
EndProject
Project("{9A19103F-16F7-4668-BE54-9A1E7A4F7556}") = "Exercise25Through29", "Exercise25Through29\Exercise25Through29.csproj", "{6DBAF940-0E37-4566-9176-51A7A927F8AB}"
EndProject
Project("{9A19103F-16F7-4668-BE54-9A1E7A4F7556}") = "July15Examples", "July15Examples\July15Examples.csproj", "{05E7648B-8A71-4C16-8C7B-90095E0A6C1C}"
EndProject
Project("{9A19103F-16F7-4668-BE54-9A1E7A4F7556}") = "July16Examples", "July16Examples\July16Examples.csproj", "{84704E79-065E-45CE-87CA-E35107E69FEA}"
EndProject
Project("{9A19103F-16F7-4668-BE54-9A1E7A4F7556}") = "July20Examples", "July20Examples\July20Examples.csproj", "{B0D00547-3C9A-4E64-8BA6-C8D4810FE167}"
EndProject
Project("{9A19103F-16F7-4668-BE54-9A1E7A4F7556}") = "Week3Examples", "Week3Examples\Week3Examples.csproj", "{92905548-1196-49FF-92F3-8D089314AFDA}"
EndProject
Project("{9A19103F-16F7-4668-BE54-9A1E7A4F7556}") = "MockAssessment1a", "AssessmentOneReview\MockAssessment1a.csproj", "{6533D852-7462-412F-9B9A-BD9C22F796E6}"
EndProject
Project("{9A19103F-16F7-4668-BE54-9A1E7A4F7556}") = "Assessment1a", "Assessment1a\Assessment1a.csproj", "{C0BD63FD-AE33-44C8-87AD-FD2ED94D5E76}"
EndProject
Project("{9A19103F-16F7-4668-BE54-9A1E7A4F7556}") = "July23Examples", "July23Examples\July23Examples.csproj", "{35FC5E17-A064-4C07-9035-D8A7530D3CF6}"
EndProject
Project("{FAE04EC0-301F-11D3-BF4B-00C04F79EFBC}") = "July27Examples", "July27Examples\July27Examples.csproj", "{BC468705-BC50-4D9E-A167-E6EC2B3FE4BF}"
EndProject
Global
	GlobalSection(SolutionConfigurationPlatforms) = preSolution
		Debug|Any CPU = Debug|Any CPU
		Release|Any CPU = Release|Any CPU
	EndGlobalSection
	GlobalSection(ProjectConfigurationPlatforms) = postSolution
		{852EF17B-539D-4F63-B11E-B2DEA11A3D2D}.Debug|Any CPU.ActiveCfg = Debug|Any CPU
		{852EF17B-539D-4F63-B11E-B2DEA11A3D2D}.Debug|Any CPU.Build.0 = Debug|Any CPU
		{852EF17B-539D-4F63-B11E-B2DEA11A3D2D}.Release|Any CPU.ActiveCfg = Release|Any CPU
		{852EF17B-539D-4F63-B11E-B2DEA11A3D2D}.Release|Any CPU.Build.0 = Release|Any CPU
		{3FCF0465-B5E8-4629-9110-521BA9D17C7E}.Debug|Any CPU.ActiveCfg = Debug|Any CPU
		{3FCF0465-B5E8-4629-9110-521BA9D17C7E}.Debug|Any CPU.Build.0 = Debug|Any CPU
		{3FCF0465-B5E8-4629-9110-521BA9D17C7E}.Release|Any CPU.ActiveCfg = Release|Any CPU
		{3FCF0465-B5E8-4629-9110-521BA9D17C7E}.Release|Any CPU.Build.0 = Release|Any CPU
		{C8BE3EA0-ECB0-4E2A-9B24-9A564DB4F5C3}.Debug|Any CPU.ActiveCfg = Debug|Any CPU
		{C8BE3EA0-ECB0-4E2A-9B24-9A564DB4F5C3}.Debug|Any CPU.Build.0 = Debug|Any CPU
		{C8BE3EA0-ECB0-4E2A-9B24-9A564DB4F5C3}.Release|Any CPU.ActiveCfg = Release|Any CPU
		{C8BE3EA0-ECB0-4E2A-9B24-9A564DB4F5C3}.Release|Any CPU.Build.0 = Release|Any CPU
		{6DBAF940-0E37-4566-9176-51A7A927F8AB}.Debug|Any CPU.ActiveCfg = Debug|Any CPU
		{6DBAF940-0E37-4566-9176-51A7A927F8AB}.Debug|Any CPU.Build.0 = Debug|Any CPU
		{6DBAF940-0E37-4566-9176-51A7A927F8AB}.Release|Any CPU.ActiveCfg = Release|Any CPU
		{6DBAF940-0E37-4566-9176-51A7A927F8AB}.Release|Any CPU.Build.0 = Release|Any CPU
		{05E7648B-8A71-4C16-8C7B-90095E0A6C1C}.Debug|Any CPU.ActiveCfg = Debug|Any CPU
		{05E7648B-8A71-4C16-8C7B-90095E0A6C1C}.Debug|Any CPU.Build.0 = Debug|Any CPU
		{05E7648B-8A71-4C16-8C7B-90095E0A6C1C}.Release|Any CPU.ActiveCfg = Release|Any CPU
		{05E7648B-8A71-4C16-8C7B-90095E0A6C1C}.Release|Any CPU.Build.0 = Release|Any CPU
		{84704E79-065E-45CE-87CA-E35107E69FEA}.Debug|Any CPU.ActiveCfg = Debug|Any CPU
		{84704E79-065E-45CE-87CA-E35107E69FEA}.Debug|Any CPU.Build.0 = Debug|Any CPU
		{84704E79-065E-45CE-87CA-E35107E69FEA}.Release|Any CPU.ActiveCfg = Release|Any CPU
		{84704E79-065E-45CE-87CA-E35107E69FEA}.Release|Any CPU.Build.0 = Release|Any CPU
		{B0D00547-3C9A-4E64-8BA6-C8D4810FE167}.Debug|Any CPU.ActiveCfg = Debug|Any CPU
		{B0D00547-3C9A-4E64-8BA6-C8D4810FE167}.Debug|Any CPU.Build.0 = Debug|Any CPU
		{B0D00547-3C9A-4E64-8BA6-C8D4810FE167}.Release|Any CPU.ActiveCfg = Release|Any CPU
		{B0D00547-3C9A-4E64-8BA6-C8D4810FE167}.Release|Any CPU.Build.0 = Release|Any CPU
		{92905548-1196-49FF-92F3-8D089314AFDA}.Debug|Any CPU.ActiveCfg = Debug|Any CPU
		{92905548-1196-49FF-92F3-8D089314AFDA}.Debug|Any CPU.Build.0 = Debug|Any CPU
		{92905548-1196-49FF-92F3-8D089314AFDA}.Release|Any CPU.ActiveCfg = Release|Any CPU
		{92905548-1196-49FF-92F3-8D089314AFDA}.Release|Any CPU.Build.0 = Release|Any CPU
		{6533D852-7462-412F-9B9A-BD9C22F796E6}.Debug|Any CPU.ActiveCfg = Debug|Any CPU
		{6533D852-7462-412F-9B9A-BD9C22F796E6}.Debug|Any CPU.Build.0 = Debug|Any CPU
		{6533D852-7462-412F-9B9A-BD9C22F796E6}.Release|Any CPU.ActiveCfg = Release|Any CPU
		{6533D852-7462-412F-9B9A-BD9C22F796E6}.Release|Any CPU.Build.0 = Release|Any CPU
		{C0BD63FD-AE33-44C8-87AD-FD2ED94D5E76}.Debug|Any CPU.ActiveCfg = Debug|Any CPU
		{C0BD63FD-AE33-44C8-87AD-FD2ED94D5E76}.Debug|Any CPU.Build.0 = Debug|Any CPU
		{C0BD63FD-AE33-44C8-87AD-FD2ED94D5E76}.Release|Any CPU.ActiveCfg = Release|Any CPU
		{C0BD63FD-AE33-44C8-87AD-FD2ED94D5E76}.Release|Any CPU.Build.0 = Release|Any CPU
		{35FC5E17-A064-4C07-9035-D8A7530D3CF6}.Debug|Any CPU.ActiveCfg = Debug|Any CPU
		{35FC5E17-A064-4C07-9035-D8A7530D3CF6}.Debug|Any CPU.Build.0 = Debug|Any CPU
		{35FC5E17-A064-4C07-9035-D8A7530D3CF6}.Release|Any CPU.ActiveCfg = Release|Any CPU
		{35FC5E17-A064-4C07-9035-D8A7530D3CF6}.Release|Any CPU.Build.0 = Release|Any CPU
		{BC468705-BC50-4D9E-A167-E6EC2B3FE4BF}.Debug|Any CPU.ActiveCfg = Debug|Any CPU
		{BC468705-BC50-4D9E-A167-E6EC2B3FE4BF}.Debug|Any CPU.Build.0 = Debug|Any CPU
		{BC468705-BC50-4D9E-A167-E6EC2B3FE4BF}.Release|Any CPU.ActiveCfg = Release|Any CPU
		{BC468705-BC50-4D9E-A167-E6EC2B3FE4BF}.Release|Any CPU.Build.0 = Release|Any CPU
	EndGlobalSection
	GlobalSection(SolutionProperties) = preSolution
		HideSolutionNode = FALSE
	EndGlobalSection
	GlobalSection(ExtensibilityGlobals) = postSolution
		SolutionGuid = {081B0765-4FC7-4176-A53F-0F718CB0A6D5}
	EndGlobalSection
EndGlobal
